<?xml version="1.0" encoding="utf-8"?>
<Project ToolsVersion="4.0" xmlns="http://schemas.microsoft.com/developer/msbuild/2003">
  <ItemGroup>
    <Filter Include="소스 파일">
      <UniqueIdentifier>{4FC737F1-C7A5-4376-A066-2A32D752A2FF}</UniqueIdentifier>
      <Extensions>cpp;c;cc;cxx;c++;cppm;ixx;def;odl;idl;hpj;bat;asm;asmx</Extensions>
    </Filter>
    <Filter Include="헤더 파일">
      <UniqueIdentifier>{93995380-89BD-4b04-88EB-625FBE52EBFB}</UniqueIdentifier>
      <Extensions>h;hh;hpp;hxx;h++;hm;inl;inc;ipp;xsd</Extensions>
    </Filter>
    <Filter Include="헤더 파일\1-2">
      <UniqueIdentifier>{a09aeb09-876f-4fee-af22-3425b0e201f0}</UniqueIdentifier>
    </Filter>
    <Filter Include="modoocode">
      <UniqueIdentifier>{67DA6AB6-F800-4c08-8B7A-83BB121AAD01}</UniqueIdentifier>
      <Extensions>rc;ico;cur;bmp;dlg;rc2;rct;bin;rgs;gif;jpg;jpeg;jpe;resx;tiff;tif;png;wav;mfcribbon-ms</Extensions>
    </Filter>
    <Filter Include="System Programing">
      <UniqueIdentifier>{692708e3-a1c0-4cd0-aa87-82ec979191ff}</UniqueIdentifier>
    </Filter>
  </ItemGroup>
  <ItemGroup>
    <ClCompile Include="1-2 c++.cpp">
      <Filter>modoocode</Filter>
    </ClCompile>
    <ClCompile Include="1-3 c와 공통점.cpp">
      <Filter>modoocode</Filter>
    </ClCompile>
    <ClCompile Include="2 참조자%28레퍼런스%29.cpp">
      <Filter>modoocode</Filter>
    </ClCompile>
    <ClCompile Include="4-1 객체.cpp">
      <Filter>modoocode</Filter>
    </ClCompile>
    <ClCompile Include="3 new와 delete.cpp">
      <Filter>modoocode</Filter>
    </ClCompile>
    <ClCompile Include="4-2 오버로딩, 생성자.cpp">
      <Filter>modoocode</Filter>
    </ClCompile>
    <ClCompile Include="4-3 복사생성자, 소멸자.cpp">
      <Filter>modoocode</Filter>
    </ClCompile>
    <ClCompile Include="4-4 const, static.cpp">
      <Filter>modoocode</Filter>
    </ClCompile>
    <ClCompile Include="4-5 string.cpp">
      <Filter>modoocode</Filter>
    </ClCompile>
    <ClCompile Include="4-6 explicit , mutable.cpp">
      <Filter>modoocode</Filter>
    </ClCompile>
    <ClCompile Include="5-1 연산자 오버로딩.cpp">
      <Filter>modoocode</Filter>
    </ClCompile>
    <ClCompile Include="5-2 입출력, 첨자, 타입변환, 증감 연산자 오버로딩.cpp">
      <Filter>modoocode</Filter>
    </ClCompile>
    <ClCompile Include="5-3 연산자 오버로딩.cpp">
      <Filter>modoocode</Filter>
    </ClCompile>
    <ClCompile Include="6-1. 표준 문자열, 상속.cpp">
      <Filter>modoocode</Filter>
    </ClCompile>
  </ItemGroup>
  <ItemGroup>
    <ClInclude Include="header1.h">
      <Filter>헤더 파일\1-2</Filter>
    </ClInclude>
    <ClInclude Include="header2.h">
      <Filter>헤더 파일\1-2</Filter>
    </ClInclude>
  </ItemGroup>
  <ItemGroup>
    <None Include="SystemPrograming\1-2. 프로그램의 실행과정 하드웨어 구성의 재접근">
      <Filter>System Programing</Filter>
    </None>
    <None Include="SystemPrograming\1-1. 시스템 프로그래밍의 이해와 접근 컴퓨터 하드웨어의 구성 CPU에 대한 이해">
      <Filter>System Programing</Filter>
    </None>
    <None Include="SystemPrograming\2-1. UNICODE">
      <Filter>System Programing</Filter>
    </None>
  </ItemGroup>
</Project>